
Microsoft Visual Studio Solution File, Format Version 12.00
# Visual Studio Version 17
VisualStudioVersion = 17.8.34511.84
MinimumVisualStudioVersion = 10.0.40219.1
Project("{9A19103F-16F7-4668-BE54-9A1E7A4F7556}") = "GSMC20240906", "GSMC20240906\GSMC20240906.csproj", "{7981D74C-172B-436D-9ED3-E57064215DF3}"
EndProject
Project("{9A19103F-16F7-4668-BE54-9A1E7A4F7556}") = "GSMC20240906.DTOs", "GSMC20240906.DTOs\GSMC20240906.DTOs.csproj", "{4B90C982-EE78-4D0B-AD66-B73167882B1F}"
EndProject
Project("{9A19103F-16F7-4668-BE54-9A1E7A4F7556}") = "GSMC20240906.AppWebMVC", "GSMC20240906.AppWebMVC\GSMC20240906.AppWebMVC.csproj", "{2DB057AC-E20E-4667-9DBE-69A81B3A1E4F}"
EndProject
Project("{9A19103F-16F7-4668-BE54-9A1E7A4F7556}") = "GSMC20240906.AppWebBlazor", "GSMC20240906.AppWebBlazor\GSMC20240906.AppWebBlazor.csproj", "{A46559F8-D706-4814-86FC-38F374C13EB2}"
EndProject
Project("{FAE04EC0-301F-11D3-BF4B-00C04F79EFBC}") = "GSMCPruebaUI", "GSMCPruebaUI\GSMCPruebaUI.csproj", "{C4748312-0727-483B-B1D1-CD7124EECDBF}"
EndProject
Global
	GlobalSection(SolutionConfigurationPlatforms) = preSolution
		Debug|Any CPU = Debug|Any CPU
		Release|Any CPU = Release|Any CPU
	EndGlobalSection
	GlobalSection(ProjectConfigurationPlatforms) = postSolution
		{7981D74C-172B-436D-9ED3-E57064215DF3}.Debug|Any CPU.ActiveCfg = Debug|Any CPU
		{7981D74C-172B-436D-9ED3-E57064215DF3}.Debug|Any CPU.Build.0 = Debug|Any CPU
		{7981D74C-172B-436D-9ED3-E57064215DF3}.Release|Any CPU.ActiveCfg = Release|Any CPU
		{7981D74C-172B-436D-9ED3-E57064215DF3}.Release|Any CPU.Build.0 = Release|Any CPU
		{4B90C982-EE78-4D0B-AD66-B73167882B1F}.Debug|Any CPU.ActiveCfg = Debug|Any CPU
		{4B90C982-EE78-4D0B-AD66-B73167882B1F}.Debug|Any CPU.Build.0 = Debug|Any CPU
		{4B90C982-EE78-4D0B-AD66-B73167882B1F}.Release|Any CPU.ActiveCfg = Release|Any CPU
		{4B90C982-EE78-4D0B-AD66-B73167882B1F}.Release|Any CPU.Build.0 = Release|Any CPU
		{2DB057AC-E20E-4667-9DBE-69A81B3A1E4F}.Debug|Any CPU.ActiveCfg = Debug|Any CPU
		{2DB057AC-E20E-4667-9DBE-69A81B3A1E4F}.Debug|Any CPU.Build.0 = Debug|Any CPU
		{2DB057AC-E20E-4667-9DBE-69A81B3A1E4F}.Release|Any CPU.ActiveCfg = Release|Any CPU
		{2DB057AC-E20E-4667-9DBE-69A81B3A1E4F}.Release|Any CPU.Build.0 = Release|Any CPU
		{A46559F8-D706-4814-86FC-38F374C13EB2}.Debug|Any CPU.ActiveCfg = Debug|Any CPU
		{A46559F8-D706-4814-86FC-38F374C13EB2}.Debug|Any CPU.Build.0 = Debug|Any CPU
		{A46559F8-D706-4814-86FC-38F374C13EB2}.Release|Any CPU.ActiveCfg = Release|Any CPU
		{A46559F8-D706-4814-86FC-38F374C13EB2}.Release|Any CPU.Build.0 = Release|Any CPU
		{C4748312-0727-483B-B1D1-CD7124EECDBF}.Debug|Any CPU.ActiveCfg = Debug|Any CPU
		{C4748312-0727-483B-B1D1-CD7124EECDBF}.Debug|Any CPU.Build.0 = Debug|Any CPU
		{C4748312-0727-483B-B1D1-CD7124EECDBF}.Release|Any CPU.ActiveCfg = Release|Any CPU
		{C4748312-0727-483B-B1D1-CD7124EECDBF}.Release|Any CPU.Build.0 = Release|Any CPU
	EndGlobalSection
	GlobalSection(SolutionProperties) = preSolution
		HideSolutionNode = FALSE
	EndGlobalSection
	GlobalSection(ExtensibilityGlobals) = postSolution
		SolutionGuid = {DCB6492A-23AD-4241-9E5C-17A293FEECC9}
	EndGlobalSection
EndGlobal
